
Microsoft Visual Studio Solution File, Format Version 12.00
# Visual Studio 15
VisualStudioVersion = 15.0.27428.2015
MinimumVisualStudioVersion = 10.0.40219.1
Project("{FAE04EC0-301F-11D3-BF4B-00C04F79EFBC}") = "LostAndFound", "LostAndFound\LostAndFound.csproj", "{BBC454B9-69C7-433C-B146-0AE4216EA21A}"
EndProject
Global
	GlobalSection(SolutionConfigurationPlatforms) = preSolution
		Debug|Any CPU = Debug|Any CPU
		Release|Any CPU = Release|Any CPU
	EndGlobalSection
	GlobalSection(ProjectConfigurationPlatforms) = postSolution
		{BBC454B9-69C7-433C-B146-0AE4216EA21A}.Debug|Any CPU.ActiveCfg = Debug|Any CPU
		{BBC454B9-69C7-433C-B146-0AE4216EA21A}.Debug|Any CPU.Build.0 = Debug|Any CPU
		{BBC454B9-69C7-433C-B146-0AE4216EA21A}.Release|Any CPU.ActiveCfg = Release|Any CPU
		{BBC454B9-69C7-433C-B146-0AE4216EA21A}.Release|Any CPU.Build.0 = Release|Any CPU
	EndGlobalSection
	GlobalSection(SolutionProperties) = preSolution
		HideSolutionNode = FALSE
	EndGlobalSection
	GlobalSection(ExtensibilityGlobals) = postSolution
		SolutionGuid = {468E8BCF-6BDA-42B0-8A9C-558AFC59CA59}
	EndGlobalSection
EndGlobal
